
Microsoft Visual Studio Solution File, Format Version 12.00
# Visual Studio Version 16
VisualStudioVersion = 16.0.29806.167
MinimumVisualStudioVersion = 10.0.40219.1
Project("{F184B08F-C81C-45F6-A57F-5ABD9991F28F}") = "CapaPresentacion", "CapaPresentacion.vbproj", "{26C1B4F2-F79F-48E8-AC17-BD345652A9AF}"
EndProject
Project("{F184B08F-C81C-45F6-A57F-5ABD9991F28F}") = "CapaNegocio", "..\CapaNegocio2\CapaNegocio.vbproj", "{54F9F898-8F73-4FBD-B11B-ED20BEA209BE}"
EndProject
Project("{F184B08F-C81C-45F6-A57F-5ABD9991F28F}") = "CapaDatos", "..\CapaDatos2\CapaDatos.vbproj", "{813255C4-FA0A-4E2C-A6C5-E4E49B514081}"
EndProject
Project("{F184B08F-C81C-45F6-A57F-5ABD9991F28F}") = "CapaEmpaquetadora", "..\CapaEmpaquetadora2\CapaEmpaquetadora.vbproj", "{DF2BF1E4-5964-460B-966F-F294F08C841F}"
EndProject
Global
	GlobalSection(SolutionConfigurationPlatforms) = preSolution
		Debug|Any CPU = Debug|Any CPU
		Release|Any CPU = Release|Any CPU
	EndGlobalSection
	GlobalSection(ProjectConfigurationPlatforms) = postSolution
		{26C1B4F2-F79F-48E8-AC17-BD345652A9AF}.Debug|Any CPU.ActiveCfg = Debug|Any CPU
		{26C1B4F2-F79F-48E8-AC17-BD345652A9AF}.Debug|Any CPU.Build.0 = Debug|Any CPU
		{26C1B4F2-F79F-48E8-AC17-BD345652A9AF}.Release|Any CPU.ActiveCfg = Release|Any CPU
		{26C1B4F2-F79F-48E8-AC17-BD345652A9AF}.Release|Any CPU.Build.0 = Release|Any CPU
		{54F9F898-8F73-4FBD-B11B-ED20BEA209BE}.Debug|Any CPU.ActiveCfg = Debug|Any CPU
		{54F9F898-8F73-4FBD-B11B-ED20BEA209BE}.Debug|Any CPU.Build.0 = Debug|Any CPU
		{54F9F898-8F73-4FBD-B11B-ED20BEA209BE}.Release|Any CPU.ActiveCfg = Release|Any CPU
		{54F9F898-8F73-4FBD-B11B-ED20BEA209BE}.Release|Any CPU.Build.0 = Release|Any CPU
		{813255C4-FA0A-4E2C-A6C5-E4E49B514081}.Debug|Any CPU.ActiveCfg = Debug|Any CPU
		{813255C4-FA0A-4E2C-A6C5-E4E49B514081}.Debug|Any CPU.Build.0 = Debug|Any CPU
		{813255C4-FA0A-4E2C-A6C5-E4E49B514081}.Release|Any CPU.ActiveCfg = Release|Any CPU
		{813255C4-FA0A-4E2C-A6C5-E4E49B514081}.Release|Any CPU.Build.0 = Release|Any CPU
		{DF2BF1E4-5964-460B-966F-F294F08C841F}.Debug|Any CPU.ActiveCfg = Debug|Any CPU
		{DF2BF1E4-5964-460B-966F-F294F08C841F}.Debug|Any CPU.Build.0 = Debug|Any CPU
		{DF2BF1E4-5964-460B-966F-F294F08C841F}.Release|Any CPU.ActiveCfg = Release|Any CPU
		{DF2BF1E4-5964-460B-966F-F294F08C841F}.Release|Any CPU.Build.0 = Release|Any CPU
	EndGlobalSection
	GlobalSection(SolutionProperties) = preSolution
		HideSolutionNode = FALSE
	EndGlobalSection
	GlobalSection(ExtensibilityGlobals) = postSolution
		SolutionGuid = {43F74A39-C56B-4146-9D36-726740577050}
	EndGlobalSection
EndGlobal
